
Microsoft Visual Studio Solution File, Format Version 12.00
# Visual Studio 14
VisualStudioVersion = 14.0.25420.1
MinimumVisualStudioVersion = 10.0.40219.1
Project("{888888A0-9F3D-457C-B088-3A5042F75D52}") = "DjangoSalicornia", "DjangoSalicornia\DjangoSalicornia.pyproj", "{E757B911-D3A1-4FCB-91EC-1FC7DE14BEBB}"
EndProject
Global
	GlobalSection(SolutionConfigurationPlatforms) = preSolution
		Debug|Any CPU = Debug|Any CPU
		Release|Any CPU = Release|Any CPU
	EndGlobalSection
	GlobalSection(ProjectConfigurationPlatforms) = postSolution
		{E757B911-D3A1-4FCB-91EC-1FC7DE14BEBB}.Debug|Any CPU.ActiveCfg = Debug|Any CPU
		{E757B911-D3A1-4FCB-91EC-1FC7DE14BEBB}.Debug|Any CPU.Build.0 = Debug|Any CPU
		{E757B911-D3A1-4FCB-91EC-1FC7DE14BEBB}.Release|Any CPU.ActiveCfg = Release|Any CPU
		{E757B911-D3A1-4FCB-91EC-1FC7DE14BEBB}.Release|Any CPU.Build.0 = Release|Any CPU
	EndGlobalSection
	GlobalSection(SolutionProperties) = preSolution
		HideSolutionNode = FALSE
	EndGlobalSection
EndGlobal
